{
  "name": "cli",
  "version": "1.0.0",
  "lockfileVersion": 3,
  "requires": true,
  "packages": {
    "": {
      "name": "cli",
      "version": "1.0.0",
      "license": "ISC",
      "dependencies": {
        "js-yaml": "^4.2.0",
        "qtools-asynchronous-pipe-plus": "^1.0.4",
        "qtools-config-file-processor": "^1.0.18",
        "qtools-functional-library": "^2.0.4",
        "qtools-parse-command-line": "^1.0.9"
      }
    },
    "node_modules/@babel/runtime": {
      "version": "7.26.9",
      "resolved": "https://registry.npmjs.org/@babel/runtime/-/runtime-7.26.9.tgz",
      "integrity": "sha512-aA63XwOkcl4xxQa3HjPMqOP6LiK0ZDv3mUPYEFXkpHbaFjtGggE1A61FjFzJnB+p7/oy2gA8E+rcBNl/zC1tMg==",
      "license": "MIT",
      "dependencies": {
        "regenerator-runtime": "^0.14.0"
      },
      "engines": {
        "node": ">=6.9.0"
      }
    },
    "node_modules/argparse": {
      "version": "2.0.1",
      "resolved": "https://registry.npmjs.org/argparse/-/argparse-2.0.1.tgz",
      "integrity": "sha512-8+9WqebbFzpX9OR+Wa6O29asIogeRMzcGtAINdpMHHyAg10f05aSFVBbcEqGf/PXw1EjAZ+q2/bEBg3DvurK3Q==",
      "license": "Python-2.0"
    },
    "node_modules/js-yaml": {
      "version": "4.2.0",
      "resolved": "https://registry.npmjs.org/js-yaml/-/js-yaml-4.2.0.tgz",
      "integrity": "sha512-ePWsvanv0DWuDRsW8dnt+R4jQ31SCRCQ7hhNcPXZPsoBZiemuZNYGf7adZdqX2D86j6rvKp3RpCxVTSb8WQlOw==",
      "funding": [
        {
          "type": "github",
          "url": "https://github.com/sponsors/puzrin"
        },
        {
          "type": "github",
          "url": "https://github.com/sponsors/nodeca"
        }
      ],
      "license": "MIT",
      "dependencies": {
        "argparse": "^2.0.1"
      },
      "bin": {
        "js-yaml": "bin/js-yaml.js"
      }
    },
    "node_modules/lodash": {
      "version": "4.17.21",
      "resolved": "https://registry.npmjs.org/lodash/-/lodash-4.17.21.tgz",
      "integrity": "sha512-v2kDEe57lecTulaDIuNTPy3Ry4gLGJ6Z1O3vE1krgXZNrsQ+LFTGHVxVjcXPs17LhbZVGedAJv8XZ1tvj5FvSg==",
      "license": "MIT"
    },
    "node_modules/multi-ini": {
      "version": "2.3.2",
      "resolved": "https://registry.npmjs.org/multi-ini/-/multi-ini-2.3.2.tgz",
      "integrity": "sha512-zuznIotGjtc8AXfWwX5/pfQI6JadxR/kN7zA1W8qqomk/7zKHMW54ik052dqV3bPzWLucysvPgJXEySsctUUWQ==",
      "license": "MIT",
      "dependencies": {
        "@babel/runtime": "^7.0.0",
        "lodash": "^4.0.0"
      }
    },
    "node_modules/qtools-asynchronous-pipe-plus": {
      "version": "1.0.4",
      "resolved": "https://registry.npmjs.org/qtools-asynchronous-pipe-plus/-/qtools-asynchronous-pipe-plus-1.0.4.tgz",
      "integrity": "sha512-BT9/51LhxA+2OlMwQFpLUjALrRWQJ+5geR6Ngz0wqNvdlcE3HXImKcTIJfi2/0sfLRmT2eRRkyhjYTGRpmg29Q=="
    },
    "node_modules/qtools-config-file-processor": {
      "version": "1.0.18",
      "resolved": "https://registry.npmjs.org/qtools-config-file-processor/-/qtools-config-file-processor-1.0.18.tgz",
      "integrity": "sha512-AFvopW/RV13vg6MLfT+QgXoap/Fkbk9CIKGNWWyzz3JHWjd2J+2q1AdNqOaRcUqC9fcLBtDYdyaKKrb3zOZX/A==",
      "license": "ISC",
      "dependencies": {
        "multi-ini": "^2.1.2"
      }
    },
    "node_modules/qtools-functional-library": {
      "version": "2.0.4",
      "resolved": "https://registry.npmjs.org/qtools-functional-library/-/qtools-functional-library-2.0.4.tgz",
      "integrity": "sha512-noztSkJI37xcOTer5HVgOnuY/eZ1FeqtSvlpzhmSq7jjT6dQCQjIzwjoe1GqHc5Dt9Os+OFawAUz3hMpO4V1ng==",
      "license": "ISC"
    },
    "node_modules/qtools-parse-command-line": {
      "version": "1.0.10",
      "resolved": "https://registry.npmjs.org/qtools-parse-command-line/-/qtools-parse-command-line-1.0.10.tgz",
      "integrity": "sha512-pzyjhOQFNEpdp+BqfMvpq9zGM/3w99XXk+oFCz9v6289Xft9Y7/X3wFB88HmrLl0UhX9IIkHAyqaTdXClD8Jww==",
      "license": "ISC"
    },
    "node_modules/regenerator-runtime": {
      "version": "0.14.1",
      "resolved": "https://registry.npmjs.org/regenerator-runtime/-/regenerator-runtime-0.14.1.tgz",
      "integrity": "sha512-dYnhHh0nJoMfnkZs6GmmhFknAGRrLznOu5nc9ML+EJxGvrx6H7teuevqVqCuPcPK//3eDrrjQhehXVx9cnkGdw==",
      "license": "MIT"
    }
  }
}
